// !$*UTF8*$!
{
	archiveVersion = 1;
	classes = {
	};
	objectVersion = 55;
	objects = {

/* Begin PBXBuildFile section */
		3BC7F4C728EA2C5100FED1EC /* AppDelegate.swift in Sources */ = {isa = PBXBuildFile; fileRef = 3BC7F4C628EA2C5100FED1EC /* AppDelegate.swift */; };
		3BC7F4C928EA2C5100FED1EC /* SceneDelegate.swift in Sources */ = {isa = PBXBuildFile; fileRef = 3BC7F4C828EA2C5100FED1EC /* SceneDelegate.swift */; };
		3BC7F4CB28EA2C5100FED1EC /* ViewController.swift in Sources */ = {isa = PBXBuildFile; fileRef = 3BC7F4CA28EA2C5100FED1EC /* ViewController.swift */; };
		3BC7F4CE28EA2C5100FED1EC /* Main.storyboard in Resources */ = {isa = PBXBuildFile; fileRef = 3BC7F4CC28EA2C5100FED1EC /* Main.storyboard */; };
		3BC7F4D028EA2C5200FED1EC /* Assets.xcassets in Resources */ = {isa = PBXBuildFile; fileRef = 3BC7F4CF28EA2C5200FED1EC /* Assets.xcassets */; };
		3BC7F4D328EA2C5200FED1EC /* LaunchScreen.storyboard in Resources */ = {isa = PBXBuildFile; fileRef = 3BC7F4D128EA2C5200FED1EC /* LaunchScreen.storyboard */; };
		3BC7F4E028EA2D1B00FED1EC /* Interface.storyboard in Resources */ = {isa = PBXBuildFile; fileRef = 3BC7F4DE28EA2D1B00FED1EC /* Interface.storyboard */; };
		3BC7F4E228EA2D1D00FED1EC /* Assets.xcassets in Resources */ = {isa = PBXBuildFile; fileRef = 3BC7F4E128EA2D1C00FED1EC /* Assets.xcassets */; };
		3BC7F4E828EA2D1D00FED1EC /* PassDataWatch WatchKit Extension.appex in Embed App Extensions */ = {isa = PBXBuildFile; fileRef = 3BC7F4E728EA2D1D00FED1EC /* PassDataWatch WatchKit Extension.appex */; settings = {ATTRIBUTES = (RemoveHeadersOnCopy, ); }; };
		3BC7F4ED28EA2D1D00FED1EC /* InterfaceController.swift in Sources */ = {isa = PBXBuildFile; fileRef = 3BC7F4EC28EA2D1D00FED1EC /* InterfaceController.swift */; };
		3BC7F4EF28EA2D1D00FED1EC /* ExtensionDelegate.swift in Sources */ = {isa = PBXBuildFile; fileRef = 3BC7F4EE28EA2D1D00FED1EC /* ExtensionDelegate.swift */; };
		3BC7F4F128EA2D1D00FED1EC /* ComplicationController.swift in Sources */ = {isa = PBXBuildFile; fileRef = 3BC7F4F028EA2D1D00FED1EC /* ComplicationController.swift */; };
		3BC7F4F328EA2D1E00FED1EC /* Assets.xcassets in Resources */ = {isa = PBXBuildFile; fileRef = 3BC7F4F228EA2D1E00FED1EC /* Assets.xcassets */; };
		3BC7F4F728EA2D1E00FED1EC /* PassDataWatch.app in Embed Watch Content */ = {isa = PBXBuildFile; fileRef = 3BC7F4DC28EA2D1B00FED1EC /* PassDataWatch.app */; settings = {ATTRIBUTES = (RemoveHeadersOnCopy, ); }; };
/* End PBXBuildFile section */

/* Begin PBXContainerItemProxy section */
		3BC7F4E928EA2D1D00FED1EC /* PBXContainerItemProxy */ = {
			isa = PBXContainerItemProxy;
			containerPortal = 3BC7F4BB28EA2C5100FED1EC /* Project object */;
			proxyType = 1;
			remoteGlobalIDString = 3BC7F4E628EA2D1D00FED1EC;
			remoteInfo = "PassDataWatch WatchKit Extension";
		};
		3BC7F4F528EA2D1E00FED1EC /* PBXContainerItemProxy */ = {
			isa = PBXContainerItemProxy;
			containerPortal = 3BC7F4BB28EA2C5100FED1EC /* Project object */;
			proxyType = 1;
			remoteGlobalIDString = 3BC7F4DB28EA2D1B00FED1EC;
			remoteInfo = PassDataWatch;
		};
/* End PBXContainerItemProxy section */

/* Begin PBXCopyFilesBuildPhase section */
		3BC7F4FB28EA2D1E00FED1EC /* Embed App Extensions */ = {
			isa = PBXCopyFilesBuildPhase;
			buildActionMask = 2147483647;
			dstPath = "";
			dstSubfolderSpec = 13;
			files = (
				3BC7F4E828EA2D1D00FED1EC /* PassDataWatch WatchKit Extension.appex in Embed App Extensions */,
			);
			name = "Embed App Extensions";
			runOnlyForDeploymentPostprocessing = 0;
		};
		3BC7F4FF28EA2D1E00FED1EC /* Embed Watch Content */ = {
			isa = PBXCopyFilesBuildPhase;
			buildActionMask = 2147483647;
			dstPath = "$(CONTENTS_FOLDER_PATH)/Watch";
			dstSubfolderSpec = 16;
			files = (
				3BC7F4F728EA2D1E00FED1EC /* PassDataWatch.app in Embed Watch Content */,
			);
			name = "Embed Watch Content";
			runOnlyForDeploymentPostprocessing = 0;
		};
/* End PBXCopyFilesBuildPhase section */

/* Begin PBXFileReference section */
		3BC7F4C328EA2C5100FED1EC /* PassDataIPhoneAndWatch.app */ = {isa = PBXFileReference; explicitFileType = wrapper.application; includeInIndex = 0; path = PassDataIPhoneAndWatch.app; sourceTree = BUILT_PRODUCTS_DIR; };
		3BC7F4C628EA2C5100FED1EC /* AppDelegate.swift */ = {isa = PBXFileReference; lastKnownFileType = sourcecode.swift; path = AppDelegate.swift; sourceTree = "<group>"; };
		3BC7F4C828EA2C5100FED1EC /* SceneDelegate.swift */ = {isa = PBXFileReference; lastKnownFileType = sourcecode.swift; path = SceneDelegate.swift; sourceTree = "<group>"; };
		3BC7F4CA28EA2C5100FED1EC /* ViewController.swift */ = {isa = PBXFileReference; lastKnownFileType = sourcecode.swift; path = ViewController.swift; sourceTree = "<group>"; };
		3BC7F4CD28EA2C5100FED1EC /* Base */ = {isa = PBXFileReference; lastKnownFileType = file.storyboard; name = Base; path = Base.lproj/Main.storyboard; sourceTree = "<group>"; };
		3BC7F4CF28EA2C5200FED1EC /* Assets.xcassets */ = {isa = PBXFileReference; lastKnownFileType = folder.assetcatalog; path = Assets.xcassets; sourceTree = "<group>"; };
		3BC7F4D228EA2C5200FED1EC /* Base */ = {isa = PBXFileReference; lastKnownFileType = file.storyboard; name = Base; path = Base.lproj/LaunchScreen.storyboard; sourceTree = "<group>"; };
		3BC7F4D428EA2C5200FED1EC /* Info.plist */ = {isa = PBXFileReference; lastKnownFileType = text.plist.xml; path = Info.plist; sourceTree = "<group>"; };
		3BC7F4DC28EA2D1B00FED1EC /* PassDataWatch.app */ = {isa = PBXFileReference; explicitFileType = wrapper.application; includeInIndex = 0; path = PassDataWatch.app; sourceTree = BUILT_PRODUCTS_DIR; };
		3BC7F4DF28EA2D1B00FED1EC /* Base */ = {isa = PBXFileReference; lastKnownFileType = file.storyboard; name = Base; path = Base.lproj/Interface.storyboard; sourceTree = "<group>"; };
		3BC7F4E128EA2D1C00FED1EC /* Assets.xcassets */ = {isa = PBXFileReference; lastKnownFileType = folder.assetcatalog; path = Assets.xcassets; sourceTree = "<group>"; };
		3BC7F4E728EA2D1D00FED1EC /* PassDataWatch WatchKit Extension.appex */ = {isa = PBXFileReference; explicitFileType = "wrapper.app-extension"; includeInIndex = 0; path = "PassDataWatch WatchKit Extension.appex"; sourceTree = BUILT_PRODUCTS_DIR; };
		3BC7F4EC28EA2D1D00FED1EC /* InterfaceController.swift */ = {isa = PBXFileReference; lastKnownFileType = sourcecode.swift; path = InterfaceController.swift; sourceTree = "<group>"; };
		3BC7F4EE28EA2D1D00FED1EC /* ExtensionDelegate.swift */ = {isa = PBXFileReference; lastKnownFileType = sourcecode.swift; path = ExtensionDelegate.swift; sourceTree = "<group>"; };
		3BC7F4F028EA2D1D00FED1EC /* ComplicationController.swift */ = {isa = PBXFileReference; lastKnownFileType = sourcecode.swift; path = ComplicationController.swift; sourceTree = "<group>"; };
		3BC7F4F228EA2D1E00FED1EC /* Assets.xcassets */ = {isa = PBXFileReference; lastKnownFileType = folder.assetcatalog; path = Assets.xcassets; sourceTree = "<group>"; };
		3BC7F4F428EA2D1E00FED1EC /* Info.plist */ = {isa = PBXFileReference; lastKnownFileType = text.plist.xml; path = Info.plist; sourceTree = "<group>"; };
/* End PBXFileReference section */

/* Begin PBXFrameworksBuildPhase section */
		3BC7F4C028EA2C5100FED1EC /* Frameworks */ = {
			isa = PBXFrameworksBuildPhase;
			buildActionMask = 2147483647;
			files = (
			);
			runOnlyForDeploymentPostprocessing = 0;
		};
		3BC7F4E428EA2D1D00FED1EC /* Frameworks */ = {
			isa = PBXFrameworksBuildPhase;
			buildActionMask = 2147483647;
			files = (
			);
			runOnlyForDeploymentPostprocessing = 0;
		};
/* End PBXFrameworksBuildPhase section */

/* Begin PBXGroup section */
		3BC7F4BA28EA2C5100FED1EC = {
			isa = PBXGroup;
			children = (
				3BC7F4C528EA2C5100FED1EC /* PassDataIPhoneAndWatch */,
				3BC7F4DD28EA2D1B00FED1EC /* PassDataWatch */,
				3BC7F4EB28EA2D1D00FED1EC /* PassDataWatch WatchKit Extension */,
				3BC7F4C428EA2C5100FED1EC /* Products */,
			);
			sourceTree = "<group>";
		};
		3BC7F4C428EA2C5100FED1EC /* Products */ = {
			isa = PBXGroup;
			children = (
				3BC7F4C328EA2C5100FED1EC /* PassDataIPhoneAndWatch.app */,
				3BC7F4DC28EA2D1B00FED1EC /* PassDataWatch.app */,
				3BC7F4E728EA2D1D00FED1EC /* PassDataWatch WatchKit Extension.appex */,
			);
			name = Products;
			sourceTree = "<group>";
		};
		3BC7F4C528EA2C5100FED1EC /* PassDataIPhoneAndWatch */ = {
			isa = PBXGroup;
			children = (
				3BC7F4C628EA2C5100FED1EC /* AppDelegate.swift */,
				3BC7F4C828EA2C5100FED1EC /* SceneDelegate.swift */,
				3BC7F4CA28EA2C5100FED1EC /* ViewController.swift */,
				3BC7F4CC28EA2C5100FED1EC /* Main.storyboard */,
				3BC7F4CF28EA2C5200FED1EC /* Assets.xcassets */,
				3BC7F4D128EA2C5200FED1EC /* LaunchScreen.storyboard */,
				3BC7F4D428EA2C5200FED1EC /* Info.plist */,
			);
			path = PassDataIPhoneAndWatch;
			sourceTree = "<group>";
		};
		3BC7F4DD28EA2D1B00FED1EC /* PassDataWatch */ = {
			isa = PBXGroup;
			children = (
				3BC7F4DE28EA2D1B00FED1EC /* Interface.storyboard */,
				3BC7F4E128EA2D1C00FED1EC /* Assets.xcassets */,
			);
			path = PassDataWatch;
			sourceTree = "<group>";
		};
		3BC7F4EB28EA2D1D00FED1EC /* PassDataWatch WatchKit Extension */ = {
			isa = PBXGroup;
			children = (
				3BC7F4EC28EA2D1D00FED1EC /* InterfaceController.swift */,
				3BC7F4EE28EA2D1D00FED1EC /* ExtensionDelegate.swift */,
				3BC7F4F028EA2D1D00FED1EC /* ComplicationController.swift */,
				3BC7F4F228EA2D1E00FED1EC /* Assets.xcassets */,
				3BC7F4F428EA2D1E00FED1EC /* Info.plist */,
			);
			path = "PassDataWatch WatchKit Extension";
			sourceTree = "<group>";
		};
/* End PBXGroup section */

/* Begin PBXNativeTarget section */
		3BC7F4C228EA2C5100FED1EC /* PassDataIPhoneAndWatch */ = {
			isa = PBXNativeTarget;
			buildConfigurationList = 3BC7F4D728EA2C5200FED1EC /* Build configuration list for PBXNativeTarget "PassDataIPhoneAndWatch" */;
			buildPhases = (
				3BC7F4BF28EA2C5100FED1EC /* Sources */,
				3BC7F4C028EA2C5100FED1EC /* Frameworks */,
				3BC7F4C128EA2C5100FED1EC /* Resources */,
				3BC7F4FF28EA2D1E00FED1EC /* Embed Watch Content */,
			);
			buildRules = (
			);
			dependencies = (
				3BC7F4F628EA2D1E00FED1EC /* PBXTargetDependency */,
			);
			name = PassDataIPhoneAndWatch;
			productName = PassDataIPhoneAndWatch;
			productReference = 3BC7F4C328EA2C5100FED1EC /* PassDataIPhoneAndWatch.app */;
			productType = "com.apple.product-type.application";
		};
		3BC7F4DB28EA2D1B00FED1EC /* PassDataWatch */ = {
			isa = PBXNativeTarget;
			buildConfigurationList = 3BC7F4FC28EA2D1E00FED1EC /* Build configuration list for PBXNativeTarget "PassDataWatch" */;
			buildPhases = (
				3BC7F4DA28EA2D1B00FED1EC /* Resources */,
				3BC7F4FB28EA2D1E00FED1EC /* Embed App Extensions */,
			);
			buildRules = (
			);
			dependencies = (
				3BC7F4EA28EA2D1D00FED1EC /* PBXTargetDependency */,
			);
			name = PassDataWatch;
			productName = PassDataWatch;
			productReference = 3BC7F4DC28EA2D1B00FED1EC /* PassDataWatch.app */;
			productType = "com.apple.product-type.application.watchapp2";
		};
		3BC7F4E628EA2D1D00FED1EC /* PassDataWatch WatchKit Extension */ = {
			isa = PBXNativeTarget;
			buildConfigurationList = 3BC7F4F828EA2D1E00FED1EC /* Build configuration list for PBXNativeTarget "PassDataWatch WatchKit Extension" */;
			buildPhases = (
				3BC7F4E328EA2D1D00FED1EC /* Sources */,
				3BC7F4E428EA2D1D00FED1EC /* Frameworks */,
				3BC7F4E528EA2D1D00FED1EC /* Resources */,
			);
			buildRules = (
			);
			dependencies = (
			);
			name = "PassDataWatch WatchKit Extension";
			productName = "PassDataWatch WatchKit Extension";
			productReference = 3BC7F4E728EA2D1D00FED1EC /* PassDataWatch WatchKit Extension.appex */;
			productType = "com.apple.product-type.watchkit2-extension";
		};
/* End PBXNativeTarget section */

/* Begin PBXProject section */
		3BC7F4BB28EA2C5100FED1EC /* Project object */ = {
			isa = PBXProject;
			attributes = {
				BuildIndependentTargetsInParallel = 1;
				LastSwiftUpdateCheck = 1340;
				LastUpgradeCheck = 1340;
				TargetAttributes = {
					3BC7F4C228EA2C5100FED1EC = {
						CreatedOnToolsVersion = 13.4.1;
					};
					3BC7F4DB28EA2D1B00FED1EC = {
						CreatedOnToolsVersion = 13.4.1;
					};
					3BC7F4E628EA2D1D00FED1EC = {
						CreatedOnToolsVersion = 13.4.1;
					};
				};
			};
			buildConfigurationList = 3BC7F4BE28EA2C5100FED1EC /* Build configuration list for PBXProject "PassDataIPhoneAndWatch" */;
			compatibilityVersion = "Xcode 13.0";
			developmentRegion = en;
			hasScannedForEncodings = 0;
			knownRegions = (
				en,
				Base,
			);
			mainGroup = 3BC7F4BA28EA2C5100FED1EC;
			productRefGroup = 3BC7F4C428EA2C5100FED1EC /* Products */;
			projectDirPath = "";
			projectRoot = "";
			targets = (
				3BC7F4C228EA2C5100FED1EC /* PassDataIPhoneAndWatch */,
				3BC7F4DB28EA2D1B00FED1EC /* PassDataWatch */,
				3BC7F4E628EA2D1D00FED1EC /* PassDataWatch WatchKit Extension */,
			);
		};
/* End PBXProject section */

/* Begin PBXResourcesBuildPhase section */
		3BC7F4C128EA2C5100FED1EC /* Resources */ = {
			isa = PBXResourcesBuildPhase;
			buildActionMask = 2147483647;
			files = (
				3BC7F4D328EA2C5200FED1EC /* LaunchScreen.storyboard in Resources */,
				3BC7F4D028EA2C5200FED1EC /* Assets.xcassets in Resources */,
				3BC7F4CE28EA2C5100FED1EC /* Main.storyboard in Resources */,
			);
			runOnlyForDeploymentPostprocessing = 0;
		};
		3BC7F4DA28EA2D1B00FED1EC /* Resources */ = {
			isa = PBXResourcesBuildPhase;
			buildActionMask = 2147483647;
			files = (
				3BC7F4E228EA2D1D00FED1EC /* Assets.xcassets in Resources */,
				3BC7F4E028EA2D1B00FED1EC /* Interface.storyboard in Resources */,
			);
			runOnlyForDeploymentPostprocessing = 0;
		};
		3BC7F4E528EA2D1D00FED1EC /* Resources */ = {
			isa = PBXResourcesBuildPhase;
			buildActionMask = 2147483647;
			files = (
				3BC7F4F328EA2D1E00FED1EC /* Assets.xcassets in Resources */,
			);
			runOnlyForDeploymentPostprocessing = 0;
		};
/* End PBXResourcesBuildPhase section */

/* Begin PBXSourcesBuildPhase section */
		3BC7F4BF28EA2C5100FED1EC /* Sources */ = {
			isa = PBXSourcesBuildPhase;
			buildActionMask = 2147483647;
			files = (
				3BC7F4CB28EA2C5100FED1EC /* ViewController.swift in Sources */,
				3BC7F4C728EA2C5100FED1EC /* AppDelegate.swift in Sources */,
				3BC7F4C928EA2C5100FED1EC /* SceneDelegate.swift in Sources */,
			);
			runOnlyForDeploymentPostprocessing = 0;
		};
		3BC7F4E328EA2D1D00FED1EC /* Sources */ = {
			isa = PBXSourcesBuildPhase;
			buildActionMask = 2147483647;
			files = (
				3BC7F4EF28EA2D1D00FED1EC /* ExtensionDelegate.swift in Sources */,
				3BC7F4ED28EA2D1D00FED1EC /* InterfaceController.swift in Sources */,
				3BC7F4F128EA2D1D00FED1EC /* ComplicationController.swift in Sources */,
			);
			runOnlyForDeploymentPostprocessing = 0;
		};
/* End PBXSourcesBuildPhase section */

/* Begin PBXTargetDependency section */
		3BC7F4EA28EA2D1D00FED1EC /* PBXTargetDependency */ = {
			isa = PBXTargetDependency;
			target = 3BC7F4E628EA2D1D00FED1EC /* PassDataWatch WatchKit Extension */;
			targetProxy = 3BC7F4E928EA2D1D00FED1EC /* PBXContainerItemProxy */;
		};
		3BC7F4F628EA2D1E00FED1EC /* PBXTargetDependency */ = {
			isa = PBXTargetDependency;
			target = 3BC7F4DB28EA2D1B00FED1EC /* PassDataWatch */;
			targetProxy = 3BC7F4F528EA2D1E00FED1EC /* PBXContainerItemProxy */;
		};
/* End PBXTargetDependency section */

/* Begin PBXVariantGroup section */
		3BC7F4CC28EA2C5100FED1EC /* Main.storyboard */ = {
			isa = PBXVariantGroup;
			children = (
				3BC7F4CD28EA2C5100FED1EC /* Base */,
			);
			name = Main.storyboard;
			sourceTree = "<group>";
		};
		3BC7F4D128EA2C5200FED1EC /* LaunchScreen.storyboard */ = {
			isa = PBXVariantGroup;
			children = (
				3BC7F4D228EA2C5200FED1EC /* Base */,
			);
			name = LaunchScreen.storyboard;
			sourceTree = "<group>";
		};
		3BC7F4DE28EA2D1B00FED1EC /* Interface.storyboard */ = {
			isa = PBXVariantGroup;
			children = (
				3BC7F4DF28EA2D1B00FED1EC /* Base */,
			);
			name = Interface.storyboard;
			sourceTree = "<group>";
		};
/* End PBXVariantGroup section */

/* Begin XCBuildConfiguration section */
		3BC7F4D528EA2C5200FED1EC /* Debug */ = {
			isa = XCBuildConfiguration;
			buildSettings = {
				ALWAYS_SEARCH_USER_PATHS = NO;
				CLANG_ANALYZER_NONNULL = YES;
				CLANG_ANALYZER_NUMBER_OBJECT_CONVERSION = YES_AGGRESSIVE;
				CLANG_CXX_LANGUAGE_STANDARD = "gnu++17";
				CLANG_ENABLE_MODULES = YES;
				CLANG_ENABLE_OBJC_ARC = YES;
				CLANG_ENABLE_OBJC_WEAK = YES;
				CLANG_WARN_BLOCK_CAPTURE_AUTORELEASING = YES;
				CLANG_WARN_BOOL_CONVERSION = YES;
				CLANG_WARN_COMMA = YES;
				CLANG_WARN_CONSTANT_CONVERSION = YES;
				CLANG_WARN_DEPRECATED_OBJC_IMPLEMENTATIONS = YES;
				CLANG_WARN_DIRECT_OBJC_ISA_USAGE = YES_ERROR;
				CLANG_WARN_DOCUMENTATION_COMMENTS = YES;
				CLANG_WARN_EMPTY_BODY = YES;
				CLANG_WARN_ENUM_CONVERSION = YES;
				CLANG_WARN_INFINITE_RECURSION = YES;
				CLANG_WARN_INT_CONVERSION = YES;
				CLANG_WARN_NON_LITERAL_NULL_CONVERSION = YES;
				CLANG_WARN_OBJC_IMPLICIT_RETAIN_SELF = YES;
				CLANG_WARN_OBJC_LITERAL_CONVERSION = YES;
				CLANG_WARN_OBJC_ROOT_CLASS = YES_ERROR;
				CLANG_WARN_QUOTED_INCLUDE_IN_FRAMEWORK_HEADER = YES;
				CLANG_WARN_RANGE_LOOP_ANALYSIS = YES;
				CLANG_WARN_STRICT_PROTOTYPES = YES;
				CLANG_WARN_SUSPICIOUS_MOVE = YES;
				CLANG_WARN_UNGUARDED_AVAILABILITY = YES_AGGRESSIVE;
				CLANG_WARN_UNREACHABLE_CODE = YES;
				CLANG_WARN__DUPLICATE_METHOD_MATCH = YES;
				COPY_PHASE_STRIP = NO;
				DEBUG_INFORMATION_FORMAT = dwarf;
				ENABLE_STRICT_OBJC_MSGSEND = YES;
				ENABLE_TESTABILITY = YES;
				GCC_C_LANGUAGE_STANDARD = gnu11;
				GCC_DYNAMIC_NO_PIC = NO;
				GCC_NO_COMMON_BLOCKS = YES;
				GCC_OPTIMIZATION_LEVEL = 0;
				GCC_PREPROCESSOR_DEFINITIONS = (
					"DEBUG=1",
					"$(inherited)",
				);
				GCC_WARN_64_TO_32_BIT_CONVERSION = YES;
				GCC_WARN_ABOUT_RETURN_TYPE = YES_ERROR;
				GCC_WARN_UNDECLARED_SELECTOR = YES;
				GCC_WARN_UNINITIALIZED_AUTOS = YES_AGGRESSIVE;
				GCC_WARN_UNUSED_FUNCTION = YES;
				GCC_WARN_UNUSED_VARIABLE = YES;
				IPHONEOS_DEPLOYMENT_TARGET = 15.5;
				MTL_ENABLE_DEBUG_INFO = INCLUDE_SOURCE;
				MTL_FAST_MATH = YES;
				ONLY_ACTIVE_ARCH = YES;
				SDKROOT = iphoneos;
				SWIFT_ACTIVE_COMPILATION_CONDITIONS = DEBUG;
				SWIFT_OPTIMIZATION_LEVEL = "-Onone";
			};
			name = Debug;
		};
		3BC7F4D628EA2C5200FED1EC /* Release */ = {
			isa = XCBuildConfiguration;
			buildSettings = {
				ALWAYS_SEARCH_USER_PATHS = NO;
				CLANG_ANALYZER_NONNULL = YES;
				CLANG_ANALYZER_NUMBER_OBJECT_CONVERSION = YES_AGGRESSIVE;
				CLANG_CXX_LANGUAGE_STANDARD = "gnu++17";
				CLANG_ENABLE_MODULES = YES;
				CLANG_ENABLE_OBJC_ARC = YES;
				CLANG_ENABLE_OBJC_WEAK = YES;
				CLANG_WARN_BLOCK_CAPTURE_AUTORELEASING = YES;
				CLANG_WARN_BOOL_CONVERSION = YES;
				CLANG_WARN_COMMA = YES;
				CLANG_WARN_CONSTANT_CONVERSION = YES;
				CLANG_WARN_DEPRECATED_OBJC_IMPLEMENTATIONS = YES;
				CLANG_WARN_DIRECT_OBJC_ISA_USAGE = YES_ERROR;
				CLANG_WARN_DOCUMENTATION_COMMENTS = YES;
				CLANG_WARN_EMPTY_BODY = YES;
				CLANG_WARN_ENUM_CONVERSION = YES;
				CLANG_WARN_INFINITE_RECURSION = YES;
				CLANG_WARN_INT_CONVERSION = YES;
				CLANG_WARN_NON_LITERAL_NULL_CONVERSION = YES;
				CLANG_WARN_OBJC_IMPLICIT_RETAIN_SELF = YES;
				CLANG_WARN_OBJC_LITERAL_CONVERSION = YES;
				CLANG_WARN_OBJC_ROOT_CLASS = YES_ERROR;
				CLANG_WARN_QUOTED_INCLUDE_IN_FRAMEWORK_HEADER = YES;
				CLANG_WARN_RANGE_LOOP_ANALYSIS = YES;
				CLANG_WARN_STRICT_PROTOTYPES = YES;
				CLANG_WARN_SUSPICIOUS_MOVE = YES;
				CLANG_WARN_UNGUARDED_AVAILABILITY = YES_AGGRESSIVE;
				CLANG_WARN_UNREACHABLE_CODE = YES;
				CLANG_WARN__DUPLICATE_METHOD_MATCH = YES;
				COPY_PHASE_STRIP = NO;
				DEBUG_INFORMATION_FORMAT = "dwarf-with-dsym";
				ENABLE_NS_ASSERTIONS = NO;
				ENABLE_STRICT_OBJC_MSGSEND = YES;
				GCC_C_LANGUAGE_STANDARD = gnu11;
				GCC_NO_COMMON_BLOCKS = YES;
				GCC_WARN_64_TO_32_BIT_CONVERSION = YES;
				GCC_WARN_ABOUT_RETURN_TYPE = YES_ERROR;
				GCC_WARN_UNDECLARED_SELECTOR = YES;
				GCC_WARN_UNINITIALIZED_AUTOS = YES_AGGRESSIVE;
				GCC_WARN_UNUSED_FUNCTION = YES;
				GCC_WARN_UNUSED_VARIABLE = YES;
				IPHONEOS_DEPLOYMENT_TARGET = 15.5;
				MTL_ENABLE_DEBUG_INFO = NO;
				MTL_FAST_MATH = YES;
				SDKROOT = iphoneos;
				SWIFT_COMPILATION_MODE = wholemodule;
				SWIFT_OPTIMIZATION_LEVEL = "-O";
				VALIDATE_PRODUCT = YES;
			};
			name = Release;
		};
		3BC7F4D828EA2C5200FED1EC /* Debug */ = {
			isa = XCBuildConfiguration;
			buildSettings = {
				ASSETCATALOG_COMPILER_APPICON_NAME = AppIcon;
				ASSETCATALOG_COMPILER_GLOBAL_ACCENT_COLOR_NAME = AccentColor;
				CODE_SIGN_STYLE = Automatic;
				CURRENT_PROJECT_VERSION = 1;
				DEVELOPMENT_TEAM = G3VP62JDQQ;
				GENERATE_INFOPLIST_FILE = YES;
				INFOPLIST_FILE = PassDataIPhoneAndWatch/Info.plist;
				INFOPLIST_KEY_UIApplicationSupportsIndirectInputEvents = YES;
				INFOPLIST_KEY_UILaunchStoryboardName = LaunchScreen;
				INFOPLIST_KEY_UIMainStoryboardFile = Main;
				INFOPLIST_KEY_UISupportedInterfaceOrientations_iPad = "UIInterfaceOrientationPortrait UIInterfaceOrientationPortraitUpsideDown UIInterfaceOrientationLandscapeLeft UIInterfaceOrientationLandscapeRight";
				INFOPLIST_KEY_UISupportedInterfaceOrientations_iPhone = "UIInterfaceOrientationPortrait UIInterfaceOrientationLandscapeLeft UIInterfaceOrientationLandscapeRight";
				LD_RUNPATH_SEARCH_PATHS = (
					"$(inherited)",
					"@executable_path/Frameworks",
				);
				MARKETING_VERSION = 1.0;
				PRODUCT_BUNDLE_IDENTIFIER = dmitriikim.PassDataIPhoneAndWatch;
				PRODUCT_NAME = "$(TARGET_NAME)";
				SWIFT_EMIT_LOC_STRINGS = YES;
				SWIFT_VERSION = 5.0;
				TARGETED_DEVICE_FAMILY = "1,2";
			};
			name = Debug;
		};
		3BC7F4D928EA2C5200FED1EC /* Release */ = {
			isa = XCBuildConfiguration;
			buildSettings = {
				ASSETCATALOG_COMPILER_APPICON_NAME = AppIcon;
				ASSETCATALOG_COMPILER_GLOBAL_ACCENT_COLOR_NAME = AccentColor;
				CODE_SIGN_STYLE = Automatic;
				CURRENT_PROJECT_VERSION = 1;
				DEVELOPMENT_TEAM = G3VP62JDQQ;
				GENERATE_INFOPLIST_FILE = YES;
				INFOPLIST_FILE = PassDataIPhoneAndWatch/Info.plist;
				INFOPLIST_KEY_UIApplicationSupportsIndirectInputEvents = YES;
				INFOPLIST_KEY_UILaunchStoryboardName = LaunchScreen;
				INFOPLIST_KEY_UIMainStoryboardFile = Main;
				INFOPLIST_KEY_UISupportedInterfaceOrientations_iPad = "UIInterfaceOrientationPortrait UIInterfaceOrientationPortraitUpsideDown UIInterfaceOrientationLandscapeLeft UIInterfaceOrientationLandscapeRight";
				INFOPLIST_KEY_UISupportedInterfaceOrientations_iPhone = "UIInterfaceOrientationPortrait UIInterfaceOrientationLandscapeLeft UIInterfaceOrientationLandscapeRight";
				LD_RUNPATH_SEARCH_PATHS = (
					"$(inherited)",
					"@executable_path/Frameworks",
				);
				MARKETING_VERSION = 1.0;
				PRODUCT_BUNDLE_IDENTIFIER = dmitriikim.PassDataIPhoneAndWatch;
				PRODUCT_NAME = "$(TARGET_NAME)";
				SWIFT_EMIT_LOC_STRINGS = YES;
				SWIFT_VERSION = 5.0;
				TARGETED_DEVICE_FAMILY = "1,2";
			};
			name = Release;
		};
		3BC7F4F928EA2D1E00FED1EC /* Debug */ = {
			isa = XCBuildConfiguration;
			buildSettings = {
				ASSETCATALOG_COMPILER_COMPLICATION_NAME = Complication;
				CODE_SIGN_STYLE = Automatic;
				CURRENT_PROJECT_VERSION = 1;
				DEVELOPMENT_TEAM = G3VP62JDQQ;
				GENERATE_INFOPLIST_FILE = YES;
				INFOPLIST_FILE = "PassDataWatch WatchKit Extension/Info.plist";
				INFOPLIST_KEY_CFBundleDisplayName = "PassDataWatch WatchKit Extension";
				INFOPLIST_KEY_CLKComplicationPrincipalClass = "$(PRODUCT_MODULE_NAME).ComplicationController";
				INFOPLIST_KEY_NSHumanReadableCopyright = "";
				INFOPLIST_KEY_WKExtensionDelegateClassName = "$(PRODUCT_MODULE_NAME).ExtensionDelegate";
				LD_RUNPATH_SEARCH_PATHS = (
					"$(inherited)",
					"@executable_path/Frameworks",
					"@executable_path/../../Frameworks",
				);
				MARKETING_VERSION = 1.0;
				PRODUCT_BUNDLE_IDENTIFIER = dmitriikim.PassDataIPhoneAndWatch.watchkitapp.watchkitextension;
				PRODUCT_NAME = "${TARGET_NAME}";
				SDKROOT = watchos;
				SKIP_INSTALL = YES;
				SWIFT_EMIT_LOC_STRINGS = YES;
				SWIFT_VERSION = 5.0;
				TARGETED_DEVICE_FAMILY = 4;
				WATCHOS_DEPLOYMENT_TARGET = 8.5;
			};
			name = Debug;
		};
		3BC7F4FA28EA2D1E00FED1EC /* Release */ = {
			isa = XCBuildConfiguration;
			buildSettings = {
				ASSETCATALOG_COMPILER_COMPLICATION_NAME = Complication;
				CODE_SIGN_STYLE = Automatic;
				CURRENT_PROJECT_VERSION = 1;
				DEVELOPMENT_TEAM = G3VP62JDQQ;
				GENERATE_INFOPLIST_FILE = YES;
				INFOPLIST_FILE = "PassDataWatch WatchKit Extension/Info.plist";
				INFOPLIST_KEY_CFBundleDisplayName = "PassDataWatch WatchKit Extension";
				INFOPLIST_KEY_CLKComplicationPrincipalClass = "$(PRODUCT_MODULE_NAME).ComplicationController";
				INFOPLIST_KEY_NSHumanReadableCopyright = "";
				INFOPLIST_KEY_WKExtensionDelegateClassName = "$(PRODUCT_MODULE_NAME).ExtensionDelegate";
				LD_RUNPATH_SEARCH_PATHS = (
					"$(inherited)",
					"@executable_path/Frameworks",
					"@executable_path/../../Frameworks",
				);
				MARKETING_VERSION = 1.0;
				PRODUCT_BUNDLE_IDENTIFIER = dmitriikim.PassDataIPhoneAndWatch.watchkitapp.watchkitextension;
				PRODUCT_NAME = "${TARGET_NAME}";
				SDKROOT = watchos;
				SKIP_INSTALL = YES;
				SWIFT_EMIT_LOC_STRINGS = YES;
				SWIFT_VERSION = 5.0;
				TARGETED_DEVICE_FAMILY = 4;
				WATCHOS_DEPLOYMENT_TARGET = 8.5;
			};
			name = Release;
		};
		3BC7F4FD28EA2D1E00FED1EC /* Debug */ = {
			isa = XCBuildConfiguration;
			buildSettings = {
				ALWAYS_EMBED_SWIFT_STANDARD_LIBRARIES = YES;
				ASSETCATALOG_COMPILER_APPICON_NAME = AppIcon;
				ASSETCATALOG_COMPILER_GLOBAL_ACCENT_COLOR_NAME = AccentColor;
				CODE_SIGN_STYLE = Automatic;
				CURRENT_PROJECT_VERSION = 1;
				DEVELOPMENT_TEAM = G3VP62JDQQ;
				GENERATE_INFOPLIST_FILE = YES;
				IBSC_MODULE = PassDataWatch_WatchKit_Extension;
				INFOPLIST_KEY_CFBundleDisplayName = PassDataWatch;
				INFOPLIST_KEY_UISupportedInterfaceOrientations = "UIInterfaceOrientationPortrait UIInterfaceOrientationPortraitUpsideDown";
				INFOPLIST_KEY_WKCompanionAppBundleIdentifier = dmitriikim.PassDataIPhoneAndWatch;
				MARKETING_VERSION = 1.0;
				PRODUCT_BUNDLE_IDENTIFIER = dmitriikim.PassDataIPhoneAndWatch.watchkitapp;
				PRODUCT_NAME = "$(TARGET_NAME)";
				SDKROOT = watchos;
				SKIP_INSTALL = YES;
				SWIFT_EMIT_LOC_STRINGS = YES;
				SWIFT_VERSION = 5.0;
				TARGETED_DEVICE_FAMILY = 4;
				WATCHOS_DEPLOYMENT_TARGET = 8.5;
			};
			name = Debug;
		};
		3BC7F4FE28EA2D1E00FED1EC /* Release */ = {
			isa = XCBuildConfiguration;
			buildSettings = {
				ALWAYS_EMBED_SWIFT_STANDARD_LIBRARIES = YES;
				ASSETCATALOG_COMPILER_APPICON_NAME = AppIcon;
				ASSETCATALOG_COMPILER_GLOBAL_ACCENT_COLOR_NAME = AccentColor;
				CODE_SIGN_STYLE = Automatic;
				CURRENT_PROJECT_VERSION = 1;
				DEVELOPMENT_TEAM = G3VP62JDQQ;
				GENERATE_INFOPLIST_FILE = YES;
				IBSC_MODULE = PassDataWatch_WatchKit_Extension;
				INFOPLIST_KEY_CFBundleDisplayName = PassDataWatch;
				INFOPLIST_KEY_UISupportedInterfaceOrientations = "UIInterfaceOrientationPortrait UIInterfaceOrientationPortraitUpsideDown";
				INFOPLIST_KEY_WKCompanionAppBundleIdentifier = dmitriikim.PassDataIPhoneAndWatch;
				MARKETING_VERSION = 1.0;
				PRODUCT_BUNDLE_IDENTIFIER = dmitriikim.PassDataIPhoneAndWatch.watchkitapp;
				PRODUCT_NAME = "$(TARGET_NAME)";
				SDKROOT = watchos;
				SKIP_INSTALL = YES;
				SWIFT_EMIT_LOC_STRINGS = YES;
				SWIFT_VERSION = 5.0;
				TARGETED_DEVICE_FAMILY = 4;
				WATCHOS_DEPLOYMENT_TARGET = 8.5;
			};
			name = Release;
		};
/* End XCBuildConfiguration section */

/* Begin XCConfigurationList section */
		3BC7F4BE28EA2C5100FED1EC /* Build configuration list for PBXProject "PassDataIPhoneAndWatch" */ = {
			isa = XCConfigurationList;
			buildConfigurations = (
				3BC7F4D528EA2C5200FED1EC /* Debug */,
				3BC7F4D628EA2C5200FED1EC /* Release */,
			);
			defaultConfigurationIsVisible = 0;
			defaultConfigurationName = Release;
		};
		3BC7F4D728EA2C5200FED1EC /* Build configuration list for PBXNativeTarget "PassDataIPhoneAndWatch" */ = {
			isa = XCConfigurationList;
			buildConfigurations = (
				3BC7F4D828EA2C5200FED1EC /* Debug */,
				3BC7F4D928EA2C5200FED1EC /* Release */,
			);
			defaultConfigurationIsVisible = 0;
			defaultConfigurationName = Release;
		};
		3BC7F4F828EA2D1E00FED1EC /* Build configuration list for PBXNativeTarget "PassDataWatch WatchKit Extension" */ = {
			isa = XCConfigurationList;
			buildConfigurations = (
				3BC7F4F928EA2D1E00FED1EC /* Debug */,
				3BC7F4FA28EA2D1E00FED1EC /* Release */,
			);
			defaultConfigurationIsVisible = 0;
			defaultConfigurationName = Release;
		};
		3BC7F4FC28EA2D1E00FED1EC /* Build configuration list for PBXNativeTarget "PassDataWatch" */ = {
			isa = XCConfigurationList;
			buildConfigurations = (
				3BC7F4FD28EA2D1E00FED1EC /* Debug */,
				3BC7F4FE28EA2D1E00FED1EC /* Release */,
			);
			defaultConfigurationIsVisible = 0;
			defaultConfigurationName = Release;
		};
/* End XCConfigurationList section */
	};
	rootObject = 3BC7F4BB28EA2C5100FED1EC /* Project object */;
}
